
Microsoft Visual Studio Solution File, Format Version 12.00
# Visual Studio Version 17
VisualStudioVersion = 17.9.34622.214
MinimumVisualStudioVersion = 10.0.40219.1
Project("{FAE04EC0-301F-11D3-BF4B-00C04F79EFBC}") = "SimpleCRUD.Server", "SimpleCRUD.Server\SimpleCRUD.Server.csproj", "{10393CD4-FDAC-4EF6-A6AF-C70F7A920164}"
EndProject
Project("{54A90642-561A-4BB1-A94E-469ADEE60C69}") = "simplecrud.client", "simplecrud.client\simplecrud.client.esproj", "{8237B5E1-5F9D-4C45-9A84-AF28331D76C1}"
EndProject
Global
	GlobalSection(SolutionConfigurationPlatforms) = preSolution
		Debug|Any CPU = Debug|Any CPU
		Release|Any CPU = Release|Any CPU
	EndGlobalSection
	GlobalSection(ProjectConfigurationPlatforms) = postSolution
		{10393CD4-FDAC-4EF6-A6AF-C70F7A920164}.Debug|Any CPU.ActiveCfg = Debug|Any CPU
		{10393CD4-FDAC-4EF6-A6AF-C70F7A920164}.Debug|Any CPU.Build.0 = Debug|Any CPU
		{10393CD4-FDAC-4EF6-A6AF-C70F7A920164}.Release|Any CPU.ActiveCfg = Release|Any CPU
		{10393CD4-FDAC-4EF6-A6AF-C70F7A920164}.Release|Any CPU.Build.0 = Release|Any CPU
		{8237B5E1-5F9D-4C45-9A84-AF28331D76C1}.Debug|Any CPU.ActiveCfg = Debug|Any CPU
		{8237B5E1-5F9D-4C45-9A84-AF28331D76C1}.Debug|Any CPU.Build.0 = Debug|Any CPU
		{8237B5E1-5F9D-4C45-9A84-AF28331D76C1}.Debug|Any CPU.Deploy.0 = Debug|Any CPU
		{8237B5E1-5F9D-4C45-9A84-AF28331D76C1}.Release|Any CPU.ActiveCfg = Release|Any CPU
		{8237B5E1-5F9D-4C45-9A84-AF28331D76C1}.Release|Any CPU.Build.0 = Release|Any CPU
		{8237B5E1-5F9D-4C45-9A84-AF28331D76C1}.Release|Any CPU.Deploy.0 = Release|Any CPU
	EndGlobalSection
	GlobalSection(SolutionProperties) = preSolution
		HideSolutionNode = FALSE
	EndGlobalSection
	GlobalSection(ExtensibilityGlobals) = postSolution
		SolutionGuid = {5D0665F9-3CC8-45B1-B8AD-A840686FDDFE}
	EndGlobalSection
EndGlobal
